<?xml version="1.0" encoding="UTF-8" standalone="yes" ?>
<CodeBlocks_project_file>
	<FileVersion major="1" minor="6" />
	<Project>
		<Option title="api_athena" />
		<Option pch_mode="2" />
		<Option compiler="gcc" />
		<Build>
			<Target title="Release">
				<Option output="release/bin/api_athena" prefix_auto="1" extension_auto="1" />
				<Option object_output="obj/Release/" />
				<Option type="1" />
				<Option compiler="gcc" />
				<Compiler>
					<Add option="-O2" />
				</Compiler>
				<Linker>
					<Add option="-s" />
				</Linker>
			</Target>
			<Target title="api_server">
				<Option output="release/bin/api_server" prefix_auto="1" extension_auto="1" />
				<Option type="0" />
				<Option compiler="gcc" />
				<Compiler>
					<Add option="-g" />
				</Compiler>
			</Target>
			<Target title="test_server">
				<Option output="release/bin/test_server" prefix_auto="1" extension_auto="1" />
				<Option type="0" />
				<Option compiler="gcc" />
			</Target>
			<Target title="gsl_hist">
				<Option output="release/bin/test_gsl_hist" prefix_auto="1" extension_auto="1" />
				<Option type="0" />
				<Option compiler="gcc" />
			</Target>
			<Target title="test_coint">
				<Option output="release/bin/test_coint" prefix_auto="1" extension_auto="1" />
				<Option type="0" />
				<Option compiler="gcc" />
			</Target>
		</Build>
		<VirtualTargets>
			<Add alias="all" targets="Release;api_server;test_server;test_coint;" />
		</VirtualTargets>
		<Compiler>
			<Add option="-Wall" />
			<Add option="-std=c++14" />
			<Add option="-g" />
			<Add option="-std=c++0x" />
			<Add option="-fexceptions" />
			<Add directory="src/apiclient" />
			<Add directory="src/apiserver" />
			<Add directory="src/c_api" />
			<Add directory="src/common" />
			<Add directory="src/modules" />
			<Add directory="/tools/include" />
			<Add directory="/tools/lib/python3.8/site-packages/numpy/core/include" />
			<Add directory="/tools/include/python3.8" />
			<Add directory="src/apiserver/server_apps" />
		</Compiler>
		<Linker>
			<Add option="-O2" />
			<Add option="-static-libstdc++" />
			<Add option="-static-libgcc" />
			<Add option="-L/tools/lib" />
			<Add option="-Wl,-Bstatic" />
			<Add option="-lboost_date_time" />
			<Add option="-lboost_log_setup" />
			<Add option="-lboost_log" />
			<Add option="-lboost_thread" />
			<Add option="-lboost_system" />
			<Add option="-lboost_filesystem" />
			<Add option="-lboost_serialization" />
			<Add option="-lyaml-cpp" />
			<Add option="-lgsl" />
			<Add option="-lgslcblas" />
			<Add option="-Wl,-Bdynamic" />
			<Add option="-lpython3.8" />
			<Add option="-lpthread" />
		</Linker>
		<Unit filename="main.cpp">
			<Option target="Release" />
		</Unit>
		<Unit filename="src/apiclient/client_apps/client_base_app/client_base_app.cpp">
			<Option target="Release" />
			<Option target="api_server" />
			<Option target="test_server" />
		</Unit>
		<Unit filename="src/apiclient/client_apps/client_base_app/client_base_app.h">
			<Option target="Release" />
			<Option target="api_server" />
			<Option target="test_server" />
		</Unit>
		<Unit filename="src/apiclient/client_apps/client_predictor/client_predictor.cpp">
			<Option target="Release" />
			<Option target="api_server" />
			<Option target="test_server" />
		</Unit>
		<Unit filename="src/apiclient/client_apps/client_predictor/client_predictor.h">
			<Option target="Release" />
			<Option target="api_server" />
			<Option target="test_server" />
		</Unit>
		<Unit filename="src/apiserver/main/main.cpp">
			<Option target="api_server" />
		</Unit>
		<Unit filename="src/apiserver/server_apps/create_svr_app.cpp" />
		<Unit filename="src/apiserver/server_apps/create_svr_app.h" />
		<Unit filename="src/apiserver/server_apps/fx_minbar_classifier/fx_minbar_classifier.cpp" />
		<Unit filename="src/apiserver/server_apps/fx_minbar_classifier/fx_minbar_classifier.h" />
		<Unit filename="src/apiserver/server_apps/fx_tick_classifier/fx_tick_classifier.cpp" />
		<Unit filename="src/apiserver/server_apps/fx_tick_classifier/fx_tick_classifier.h" />
		<Unit filename="src/apiserver/server_apps/minbar_pair/mb_pairtrader.cpp" />
		<Unit filename="src/apiserver/server_apps/minbar_pair/mb_pairtrader.h" />
		<Unit filename="src/apiserver/server_apps/minbar_pair/mptconf.h" />
		<Unit filename="src/apiserver/server_apps/minbar_pair_trader/decision_maker.cpp" />
		<Unit filename="src/apiserver/server_apps/minbar_pair_trader/decision_maker.h" />
		<Unit filename="src/apiserver/server_apps/minbar_pair_trader/dm_rule_75.cpp" />
		<Unit filename="src/apiserver/server_apps/minbar_pair_trader/dm_rule_75.h" />
		<Unit filename="src/apiserver/server_apps/minbar_pair_trader/mean_reverse.cpp" />
		<Unit filename="src/apiserver/server_apps/minbar_pair_trader/mean_reverse.h" />
		<Unit filename="src/apiserver/server_apps/minbar_pair_trader/minbar_pair_trader.cpp" />
		<Unit filename="src/apiserver/server_apps/minbar_pair_trader/minbar_pair_trader.h" />
		<Unit filename="src/apiserver/server_apps/minbar_pair_trader/mptconf.h" />
		<Unit filename="src/apiserver/server_apps/minbar_tracker/create_mbp.cpp" />
		<Unit filename="src/apiserver/server_apps/minbar_tracker/create_mbp.h" />
		<Unit filename="src/apiserver/server_apps/minbar_tracker/mbtconf.h" />
		<Unit filename="src/apiserver/server_apps/minbar_tracker/minbar_tracker.cpp" />
		<Unit filename="src/apiserver/server_apps/minbar_tracker/minbar_tracker.h" />
		<Unit filename="src/apiserver/server_apps/multinode_trader/multinode_trader.cpp" />
		<Unit filename="src/apiserver/server_apps/multinode_trader/multinode_trader.h" />
		<Unit filename="src/apiserver/server_apps/pair_labeler/pair_labeler.cpp" />
		<Unit filename="src/apiserver/server_apps/pair_labeler/pair_labeler.h" />
		<Unit filename="src/apiserver/server_apps/pair_selector/pair_select_conf.h" />
		<Unit filename="src/apiserver/server_apps/pair_selector/pair_selector.cpp" />
		<Unit filename="src/apiserver/server_apps/pair_selector/pair_selector.h" />
		<Unit filename="src/apiserver/server_apps/robust_pair_trader/robust_pair_trader.cpp" />
		<Unit filename="src/apiserver/server_apps/robust_pair_trader/robust_pair_trader.h" />
		<Unit filename="src/apiserver/server_apps/robust_pair_trader/rptconf.h" />
		<Unit filename="src/apiserver/server_apps/server_base_app/server_base_app.cpp" />
		<Unit filename="src/apiserver/server_apps/server_base_app/server_base_app.h" />
		<Unit filename="src/apiserver/server_apps/server_predictor/server_predictor.cpp" />
		<Unit filename="src/apiserver/server_apps/server_predictor/server_predictor.h" />
		<Unit filename="src/apiserver/test_server/main.cpp">
			<Option target="test_server" />
		</Unit>
		<Unit filename="src/c_api/athena_c_api.cpp">
			<Option target="Release" />
			<Option target="api_server" />
			<Option target="test_server" />
		</Unit>
		<Unit filename="src/c_api/athena_c_api.h">
			<Option target="Release" />
			<Option target="api_server" />
			<Option target="test_server" />
		</Unit>
		<Unit filename="src/common/app_base/app_base.h" />
		<Unit filename="src/common/basics/baseconf.h" />
		<Unit filename="src/common/basics/csv_parser.h" />
		<Unit filename="src/common/basics/log.cpp" />
		<Unit filename="src/common/basics/log.h" />
		<Unit filename="src/common/basics/mtqueue.h" />
		<Unit filename="src/common/basics/types.h" />
		<Unit filename="src/common/basics/utils.cpp" />
		<Unit filename="src/common/basics/utils.h" />
		<Unit filename="src/common/conf/generalconf.h" />
		<Unit filename="src/common/histogram/histogram.h" />
		<Unit filename="src/common/messenger/messenger.cpp" />
		<Unit filename="src/common/messenger/messenger.h" />
		<Unit filename="src/common/messenger/msg.h" />
		<Unit filename="src/common/messenger/sockutils.cpp" />
		<Unit filename="src/common/messenger/sockutils.h" />
		<Unit filename="src/common/pyhelper.hpp" />
		<Unit filename="src/common/pyrunner/pyrunner.cpp" />
		<Unit filename="src/common/pyrunner/pyrunner.h" />
		<Unit filename="src/modules/fx_action/fx_action.h" />
		<Unit filename="src/modules/linreg/linreg.cpp" />
		<Unit filename="src/modules/linreg/linreg.h" />
		<Unit filename="src/modules/linreg/roblinreg.cpp" />
		<Unit filename="src/modules/linreg/roblinreg.h" />
		<Unit filename="src/modules/mean_revert/mean_revert.cpp" />
		<Unit filename="src/modules/mean_revert/mean_revert.h" />
		<Unit filename="src/modules/minbar_predictor/ma_pred/createMAPredictor.cpp" />
		<Unit filename="src/modules/minbar_predictor/ma_pred/createMAPredictor.h" />
		<Unit filename="src/modules/minbar_predictor/ma_pred/crosser/ma_crosser.cpp" />
		<Unit filename="src/modules/minbar_predictor/ma_pred/crosser/ma_crosser.h" />
		<Unit filename="src/modules/minbar_predictor/ma_pred/crosser/mcconf.h" />
		<Unit filename="src/modules/minbar_predictor/ma_pred/grad_hunter/ma_grad_hunter.cpp" />
		<Unit filename="src/modules/minbar_predictor/ma_pred/grad_hunter/ma_grad_hunter.h" />
		<Unit filename="src/modules/minbar_predictor/ma_pred/grad_hunter/mghconf.h" />
		<Unit filename="src/modules/minbar_predictor/ma_pred/ma_cal/ma_cal.cpp" />
		<Unit filename="src/modules/minbar_predictor/ma_pred/ma_cal/ma_cal.h" />
		<Unit filename="src/modules/minbar_predictor/ma_pred/ma_cal/ma_lwma.h" />
		<Unit filename="src/modules/minbar_predictor/ma_pred/ma_pred_base/ma_pred_base.h" />
		<Unit filename="src/modules/minbar_predictor/ma_pred/mpconf.h" />
		<Unit filename="src/modules/minbar_predictor/mb_base/mb_base_pred.h" />
		<Unit filename="src/modules/minbar_predictor/mbpconf.h" />
		<Unit filename="src/modules/multinode/multinode_utils.cpp" />
		<Unit filename="src/modules/multinode/multinode_utils.h" />
		<Unit filename="src/modules/pair_asset_meanrevert/pair_asset_meanrevert.cpp" />
		<Unit filename="src/modules/pair_asset_meanrevert/pair_asset_meanrevert.h" />
		<Unit filename="src/modules/predictor/prdtypes.h" />
		<Unit filename="src/modules/spread_trend/spread_trend.cpp" />
		<Unit filename="src/modules/spread_trend/spread_trend.h" />
		<Unit filename="src/modules/spread_trend/spread_trend_conf.h" />
		<Unit filename="src/utests/test_coint.cpp">
			<Option target="test_coint" />
		</Unit>
		<Unit filename="src/utests/test_gsl_hist.cpp">
			<Option target="gsl_hist" />
		</Unit>
		<Extensions>
			<lib_finder disable_auto="1" />
		</Extensions>
	</Project>
</CodeBlocks_project_file>
